
Microsoft Visual Studio Solution File, Format Version 12.00
# Visual Studio Version 17
VisualStudioVersion = 17.11.35219.272
MinimumVisualStudioVersion = 10.0.40219.1
Project("{9A19103F-16F7-4668-BE54-9A1E7A4F7556}") = "PDFViewerNativeEmbeddingiOS", "NativeEmbeddingPDFViewer\PDFViewerNativeEmbeddingiOS.csproj", "{438781BB-9045-48CF-9223-805D1B4FBB43}"
EndProject
Global
	GlobalSection(SolutionConfigurationPlatforms) = preSolution
		Debug|Any CPU = Debug|Any CPU
		Release|Any CPU = Release|Any CPU
	EndGlobalSection
	GlobalSection(ProjectConfigurationPlatforms) = postSolution
		{438781BB-9045-48CF-9223-805D1B4FBB43}.Debug|Any CPU.ActiveCfg = Debug|Any CPU
		{438781BB-9045-48CF-9223-805D1B4FBB43}.Debug|Any CPU.Build.0 = Debug|Any CPU
		{438781BB-9045-48CF-9223-805D1B4FBB43}.Release|Any CPU.ActiveCfg = Release|Any CPU
		{438781BB-9045-48CF-9223-805D1B4FBB43}.Release|Any CPU.Build.0 = Release|Any CPU
	EndGlobalSection
	GlobalSection(SolutionProperties) = preSolution
		HideSolutionNode = FALSE
	EndGlobalSection
	GlobalSection(ExtensibilityGlobals) = postSolution
		SolutionGuid = {4C8F0ED1-8078-4B2A-9551-A0E0E0BF85CA}
	EndGlobalSection
EndGlobal
